version = 1
revision = 3
requires-python = "==3.11.*"

[[package]]
name = "altgraph"
version = "0.17.4"
source = { registry = "https://pypi.org/simple" }
sdist = { url = "https://files.pythonhosted.org/packages/de/a8/7145824cf0b9e3c28046520480f207df47e927df83aa9555fb47f8505922/altgraph-0.17.4.tar.gz", hash = "sha256:1b5afbb98f6c4dcadb2e2ae6ab9fa994bbb8c1d75f4fa96d340f9437ae454406", size = 48418, upload-time = "2023-09-25T09:04:52.164Z" }
wheels = [
    { url = "https://files.pythonhosted.org/packages/4d/3f/3bc3f1d83f6e4a7fcb834d3720544ca597590425be5ba9db032b2bf322a2/altgraph-0.17.4-py2.py3-none-any.whl", hash = "sha256:642743b4750de17e655e6711601b077bc6598dbfa3ba5fa2b2a35ce12b508dff", size = 21212, upload-time = "2023-09-25T09:04:50.691Z" },
]

[[package]]
name = "fixibake"
version = "0.1.0"
source = { virtual = "." }
dependencies = [
    { name = "pyinstaller" },
    { name = "python-magic-bin" },
    { name = "tkinterdnd2" },
    { name = "wordfreq", extra = ["cjk"] },
]

[package.metadata]
requires-dist = [
    { name = "pyinstaller" },
    { name = "python-magic-bin" },
    { name = "tkinterdnd2" },
    { name = "wordfreq", extras = ["cjk"] },
]

[[package]]
name = "ftfy"
version = "6.3.1"
source = { registry = "https://pypi.org/simple" }
dependencies = [
    { name = "wcwidth" },
]
sdist = { url = "https://files.pythonhosted.org/packages/a5/d3/8650919bc3c7c6e90ee3fa7fd618bf373cbbe55dff043bd67353dbb20cd8/ftfy-6.3.1.tar.gz", hash = "sha256:9b3c3d90f84fb267fe64d375a07b7f8912d817cf86009ae134aa03e1819506ec", size = 308927, upload-time = "2024-10-26T00:50:35.149Z" }
wheels = [
    { url = "https://files.pythonhosted.org/packages/ab/6e/81d47999aebc1b155f81eca4477a616a70f238a2549848c38983f3c22a82/ftfy-6.3.1-py3-none-any.whl", hash = "sha256:7c70eb532015cd2f9adb53f101fb6c7945988d023a085d127d1573dc49dd0083", size = 44821, upload-time = "2024-10-26T00:50:33.425Z" },
]

[[package]]
name = "ipadic"
version = "1.0.0"
source = { registry = "https://pypi.org/simple" }
sdist = { url = "https://files.pythonhosted.org/packages/e7/4e/c459f94d62a0bef89f866857bc51b9105aff236b83928618315b41a26b7b/ipadic-1.0.0.tar.gz", hash = "sha256:f5923d31eca6131acaaf18ed28d8998665b1347b640d3a6476f64650e9a71c07", size = 13413189, upload-time = "2020-07-20T03:35:40.209Z" }

[[package]]
name = "jieba"
version = "0.42.1"
source = { registry = "https://pypi.org/simple" }
sdist = { url = "https://files.pythonhosted.org/packages/c6/cb/18eeb235f833b726522d7ebed54f2278ce28ba9438e3135ab0278d9792a2/jieba-0.42.1.tar.gz", hash = "sha256:055ca12f62674fafed09427f176506079bc135638a14e23e25be909131928db2", size = 19214172, upload-time = "2020-01-20T14:27:23.5Z" }

[[package]]
name = "langcodes"
version = "3.5.0"
source = { registry = "https://pypi.org/simple" }
dependencies = [
    { name = "language-data" },
]
sdist = { url = "https://files.pythonhosted.org/packages/3a/7a/5a97e327063409a5caa21541e6d08ae4a0f2da328447e9f2c7b39e179226/langcodes-3.5.0.tar.gz", hash = "sha256:1eef8168d07e51e131a2497ffecad4b663f6208e7c3ae3b8dc15c51734a6f801", size = 191030, upload-time = "2024-11-19T10:23:45.546Z" }
wheels = [
    { url = "https://files.pythonhosted.org/packages/c3/6b/068c2ea7a712bf805c62445bd9e9c06d7340358ef2824150eceac027444b/langcodes-3.5.0-py3-none-any.whl", hash = "sha256:853c69d1a35e0e13da2f427bb68fb2fa4a8f4fb899e0c62ad8df8d073dcfed33", size = 182974, upload-time = "2024-11-19T10:23:42.824Z" },
]

[[package]]
name = "language-data"
version = "1.3.0"
source = { registry = "https://pypi.org/simple" }
dependencies = [
    { name = "marisa-trie" },
]
sdist = { url = "https://files.pythonhosted.org/packages/dd/ce/3f144716a9f2cbf42aa86ebc8b085a184be25c80aa453eea17c294d239c1/language_data-1.3.0.tar.gz", hash = "sha256:7600ef8aa39555145d06c89f0c324bf7dab834ea0b0a439d8243762e3ebad7ec", size = 5129310, upload-time = "2024-11-19T10:21:37.912Z" }
wheels = [
    { url = "https://files.pythonhosted.org/packages/5d/e9/5a5ffd9b286db82be70d677d0a91e4d58f7912bb8dd026ddeeb4abe70679/language_data-1.3.0-py3-none-any.whl", hash = "sha256:e2ee943551b5ae5f89cd0e801d1fc3835bb0ef5b7e9c3a4e8e17b2b214548fbf", size = 5385760, upload-time = "2024-11-19T10:21:36.005Z" },
]

[[package]]
name = "locate"
version = "1.1.1"
source = { registry = "https://pypi.org/simple" }
sdist = { url = "https://files.pythonhosted.org/packages/26/b0/6b303d4a2a20046dc396de914a6c1840253ff874630f00864ffe623acb68/locate-1.1.1.tar.gz", hash = "sha256:432750f5b7e89f8c99942ca7d8722ccd1e7954b20e6a973027fccb6cc00af857", size = 7831, upload-time = "2022-12-15T07:01:30.602Z" }
wheels = [
    { url = "https://files.pythonhosted.org/packages/ab/0d/9b6f11382b2f9080b5a366d20e90b4c08e547b6cd08c2a206729e6bad47a/locate-1.1.1-py3-none-any.whl", hash = "sha256:9e5e2f3516639240f4d975c08e95ae6a24ff4dd63d228f927541cdec30105755", size = 5364, upload-time = "2022-12-15T07:01:29.526Z" },
]

[[package]]
name = "macholib"
version = "1.16.3"
source = { registry = "https://pypi.org/simple" }
dependencies = [
    { name = "altgraph" },
]
sdist = { url = "https://files.pythonhosted.org/packages/95/ee/af1a3842bdd5902ce133bd246eb7ffd4375c38642aeb5dc0ae3a0329dfa2/macholib-1.16.3.tar.gz", hash = "sha256:07ae9e15e8e4cd9a788013d81f5908b3609aa76f9b1421bae9c4d7606ec86a30", size = 59309, upload-time = "2023-09-25T09:10:16.155Z" }
wheels = [
    { url = "https://files.pythonhosted.org/packages/d1/5d/c059c180c84f7962db0aeae7c3b9303ed1d73d76f2bfbc32bc231c8be314/macholib-1.16.3-py2.py3-none-any.whl", hash = "sha256:0e315d7583d38b8c77e815b1ecbdbf504a8258d8b3e17b61165c6feb60d18f2c", size = 38094, upload-time = "2023-09-25T09:10:14.188Z" },
]

[[package]]
name = "marisa-trie"
version = "1.3.0"
source = { registry = "https://pypi.org/simple" }
sdist = { url = "https://files.pythonhosted.org/packages/0b/df/504ca06cfcc6d67ec034f35b863d6719c26970407c94dc638c1994d78684/marisa_trie-1.3.0.tar.gz", hash = "sha256:39af3060b4ab41a3cce18b1808338db8bf50b6ec4b81be3cc452558aaad95581", size = 212383, upload-time = "2025-08-16T10:05:20.9Z" }
wheels = [
    { url = "https://files.pythonhosted.org/packages/b7/f2/c98483b63c0cf9f54e283e1689980baca66d348ef214f643688b30a4b28c/marisa_trie-1.3.0-cp311-cp311-macosx_10_9_x86_64.whl", hash = "sha256:5d72ffde56fb1515bcb03539803d42d0a119f6782c5812bf2b7313eddc691735", size = 176084, upload-time = "2025-08-16T10:04:04.575Z" },
    { url = "https://files.pythonhosted.org/packages/d5/29/51ff243488d753f62e7fc5111af20cc3437bf85d44bb901a9bf4c89a0e6d/marisa_trie-1.3.0-cp311-cp311-macosx_11_0_arm64.whl", hash = "sha256:6a1f0781bccd854184a9c59b095ed09adf16627460eb8df4a91dc3f87e882352", size = 158864, upload-time = "2025-08-16T10:04:06.016Z" },
    { url = "https://files.pythonhosted.org/packages/69/bd/a21c11c15c0e11071e9b4fc983ecc84c9575ae63abc2dd57586aa7bddebf/marisa_trie-1.3.0-cp311-cp311-manylinux_2_24_aarch64.manylinux_2_28_aarch64.whl", hash = "sha256:608d965d47f40b8cd402215b95d85db899268d277ae5b8ebe87b7acdd3e2a0bb", size = 1257508, upload-time = "2025-08-16T10:04:07.683Z" },
    { url = "https://files.pythonhosted.org/packages/7c/4b/02e542a8e22779b35bca354cc66a736fe8ca2f20aa93203c93c16cfc4470/marisa_trie-1.3.0-cp311-cp311-manylinux_2_24_x86_64.manylinux_2_28_x86_64.whl", hash = "sha256:8b39a7314f6ad141c9c24acff0a71f4fdae1eab5ea827468c40afafc0662cab3", size = 1275539, upload-time = "2025-08-16T10:04:09.397Z" },
    { url = "https://files.pythonhosted.org/packages/87/a2/308ab72fb6e9a7e40a95f56478ab0dc5bfeb17195ed97e11ed46a7c5790d/marisa_trie-1.3.0-cp311-cp311-musllinux_1_2_aarch64.whl", hash = "sha256:6e8e2f1394eecfb780a25950849d64a799b79f538d17945e42b1652da4e0cae4", size = 2199801, upload-time = "2025-08-16T10:04:10.638Z" },
    { url = "https://files.pythonhosted.org/packages/cb/0a/b8e6627f6fb60d37dabd731d0639816c8c2e2f87ea9ecb34fd2d67863d7e/marisa_trie-1.3.0-cp311-cp311-musllinux_1_2_x86_64.whl", hash = "sha256:1a56cc700b1405cc75fde9197f9d2fed66ecbbaee7bdf1f28728494f119dc7f3", size = 2283801, upload-time = "2025-08-16T10:04:11.988Z" },
    { url = "https://files.pythonhosted.org/packages/af/32/fba57bcb72ea8d4331e248fa50ebeb3e9c1889eb7f2b8025974a760c624c/marisa_trie-1.3.0-cp311-cp311-win32.whl", hash = "sha256:58f1b70501c2462583bce5639a65af5516e9785ae6b3158533ddeecde70f0675", size = 117295, upload-time = "2025-08-16T10:04:13.465Z" },
    { url = "https://files.pythonhosted.org/packages/fc/28/f8099b17fc1f0301f02556ef7c40253571b0bda2a405d3416fdf0cba2383/marisa_trie-1.3.0-cp311-cp311-win_amd64.whl", hash = "sha256:938f618d2cece8358899c688591d94db6652d9e1076c15a7efdfcfdc64a96cdb", size = 143966, upload-time = "2025-08-16T10:04:14.873Z" },
]

[[package]]
name = "mecab-ko-dic"
version = "1.0.0"
source = { registry = "https://pypi.org/simple" }
sdist = { url = "https://files.pythonhosted.org/packages/db/86/b88d823b0c912bb8e86584d697d51c866df567bd328f9196efab7835b8ab/mecab-ko-dic-1.0.0.tar.gz", hash = "sha256:3ba22858736e02e8a0e92f2a7f099528c733ae47701b29d12c75e982a85d1f11", size = 33150228, upload-time = "2021-02-19T20:41:22.16Z" }

[[package]]
name = "mecab-python3"
version = "1.0.10"
source = { registry = "https://pypi.org/simple" }
sdist = { url = "https://files.pythonhosted.org/packages/00/df/eeb4e250fc0a69b0a2deed5573f2c8d8445cf643cb9ecf25674f8186880f/mecab_python3-1.0.10.tar.gz", hash = "sha256:21cd4416043e9a993fcfb986dde93e4366a07543dd95849b5ef2e50c9a9afcce", size = 78691, upload-time = "2024-10-31T08:39:21.198Z" }
wheels = [
    { url = "https://files.pythonhosted.org/packages/16/f4/250b48eeb97d91e68abbd19c2d4004d94f5a0dc2da5a4cd3f1b7f89e6971/mecab_python3-1.0.10-cp311-cp311-macosx_10_9_universal2.whl", hash = "sha256:ebc8bbdb7e0c616e1467b02cadc3c7a764912dec241b31a14c90b1c1ac58afc8", size = 524258, upload-time = "2024-10-31T08:44:54.149Z" },
    { url = "https://files.pythonhosted.org/packages/01/ec/e02b957dbbe88646f1c0b270349803d568b7e1c00c406b4845492dcfa89f/mecab_python3-1.0.10-cp311-cp311-macosx_10_9_x86_64.whl", hash = "sha256:3d66bbda223e64bf1eb320809b5d7e21fc6b045ccc14e07232d8592dd40b1a29", size = 487872, upload-time = "2024-10-31T08:44:55.634Z" },
    { url = "https://files.pythonhosted.org/packages/ee/eb/9625aec931274c334281a295cfac613306a8e0a3a5ec02cc4bede3d27842/mecab_python3-1.0.10-cp311-cp311-macosx_11_0_arm64.whl", hash = "sha256:9eed9b626a82eb26e571e45832b7c03b46e250e57c70d7309aa0c28c0fb95d47", size = 483815, upload-time = "2024-10-31T08:44:56.672Z" },
    { url = "https://files.pythonhosted.org/packages/bf/62/37009633618b1f375c8405c86b07cefb57d835da5caefe76e8fb1a47330c/mecab_python3-1.0.10-cp311-cp311-manylinux_2_17_aarch64.manylinux2014_aarch64.whl", hash = "sha256:01c1123fb64fb67d29e7221a9cba36b589b795683bd94e762d87385a9633de95", size = 567522, upload-time = "2024-10-31T09:00:18.346Z" },
    { url = "https://files.pythonhosted.org/packages/be/16/d11439668399742f0d2db99468073c125c138018ffe6541b92989116cb86/mecab_python3-1.0.10-cp311-cp311-manylinux_2_17_x86_64.manylinux2014_x86_64.whl", hash = "sha256:da59058da7459457f14382ddb6a2bb4a80176d0dcfa3eb835c53abd11e5aa97d", size = 588839, upload-time = "2024-10-31T08:40:31.214Z" },
    { url = "https://files.pythonhosted.org/packages/35/6a/8a5270ab60b5abdb50b80ce74eddef9f0e2413a337736149c4247d070b58/mecab_python3-1.0.10-cp311-cp311-win_amd64.whl", hash = "sha256:1eca068650d9f228072820ce015eb5831b9114afe6cc0f381208eaa2e1f23f0f", size = 502482, upload-time = "2024-10-31T08:40:10.37Z" },
]

[[package]]
name = "msgpack"
version = "1.1.1"
source = { registry = "https://pypi.org/simple" }
sdist = { url = "https://files.pythonhosted.org/packages/45/b1/ea4f68038a18c77c9467400d166d74c4ffa536f34761f7983a104357e614/msgpack-1.1.1.tar.gz", hash = "sha256:77b79ce34a2bdab2594f490c8e80dd62a02d650b91a75159a63ec413b8d104cd", size = 173555, upload-time = "2025-06-13T06:52:51.324Z" }
wheels = [
    { url = "https://files.pythonhosted.org/packages/7f/83/97f24bf9848af23fe2ba04380388216defc49a8af6da0c28cc636d722502/msgpack-1.1.1-cp311-cp311-macosx_10_9_x86_64.whl", hash = "sha256:71ef05c1726884e44f8b1d1773604ab5d4d17729d8491403a705e649116c9558", size = 82728, upload-time = "2025-06-13T06:51:50.68Z" },
    { url = "https://files.pythonhosted.org/packages/aa/7f/2eaa388267a78401f6e182662b08a588ef4f3de6f0eab1ec09736a7aaa2b/msgpack-1.1.1-cp311-cp311-macosx_11_0_arm64.whl", hash = "sha256:36043272c6aede309d29d56851f8841ba907a1a3d04435e43e8a19928e243c1d", size = 79279, upload-time = "2025-06-13T06:51:51.72Z" },
    { url = "https://files.pythonhosted.org/packages/f8/46/31eb60f4452c96161e4dfd26dbca562b4ec68c72e4ad07d9566d7ea35e8a/msgpack-1.1.1-cp311-cp311-manylinux_2_17_aarch64.manylinux2014_aarch64.whl", hash = "sha256:a32747b1b39c3ac27d0670122b57e6e57f28eefb725e0b625618d1b59bf9d1e0", size = 423859, upload-time = "2025-06-13T06:51:52.749Z" },
    { url = "https://files.pythonhosted.org/packages/45/16/a20fa8c32825cc7ae8457fab45670c7a8996d7746ce80ce41cc51e3b2bd7/msgpack-1.1.1-cp311-cp311-manylinux_2_17_x86_64.manylinux2014_x86_64.whl", hash = "sha256:8a8b10fdb84a43e50d38057b06901ec9da52baac6983d3f709d8507f3889d43f", size = 429975, upload-time = "2025-06-13T06:51:53.97Z" },
    { url = "https://files.pythonhosted.org/packages/86/ea/6c958e07692367feeb1a1594d35e22b62f7f476f3c568b002a5ea09d443d/msgpack-1.1.1-cp311-cp311-manylinux_2_5_i686.manylinux1_i686.manylinux_2_17_i686.manylinux2014_i686.whl", hash = "sha256:ba0c325c3f485dc54ec298d8b024e134acf07c10d494ffa24373bea729acf704", size = 413528, upload-time = "2025-06-13T06:51:55.507Z" },
    { url = "https://files.pythonhosted.org/packages/75/05/ac84063c5dae79722bda9f68b878dc31fc3059adb8633c79f1e82c2cd946/msgpack-1.1.1-cp311-cp311-musllinux_1_2_aarch64.whl", hash = "sha256:88daaf7d146e48ec71212ce21109b66e06a98e5e44dca47d853cbfe171d6c8d2", size = 413338, upload-time = "2025-06-13T06:51:57.023Z" },
    { url = "https://files.pythonhosted.org/packages/69/e8/fe86b082c781d3e1c09ca0f4dacd457ede60a13119b6ce939efe2ea77b76/msgpack-1.1.1-cp311-cp311-musllinux_1_2_i686.whl", hash = "sha256:d8b55ea20dc59b181d3f47103f113e6f28a5e1c89fd5b67b9140edb442ab67f2", size = 422658, upload-time = "2025-06-13T06:51:58.419Z" },
    { url = "https://files.pythonhosted.org/packages/3b/2b/bafc9924df52d8f3bb7c00d24e57be477f4d0f967c0a31ef5e2225e035c7/msgpack-1.1.1-cp311-cp311-musllinux_1_2_x86_64.whl", hash = "sha256:4a28e8072ae9779f20427af07f53bbb8b4aa81151054e882aee333b158da8752", size = 427124, upload-time = "2025-06-13T06:51:59.969Z" },
    { url = "https://files.pythonhosted.org/packages/a2/3b/1f717e17e53e0ed0b68fa59e9188f3f610c79d7151f0e52ff3cd8eb6b2dc/msgpack-1.1.1-cp311-cp311-win32.whl", hash = "sha256:7da8831f9a0fdb526621ba09a281fadc58ea12701bc709e7b8cbc362feabc295", size = 65016, upload-time = "2025-06-13T06:52:01.294Z" },
    { url = "https://files.pythonhosted.org/packages/48/45/9d1780768d3b249accecc5a38c725eb1e203d44a191f7b7ff1941f7df60c/msgpack-1.1.1-cp311-cp311-win_amd64.whl", hash = "sha256:5fd1b58e1431008a57247d6e7cc4faa41c3607e8e7d4aaf81f7c29ea013cb458", size = 72267, upload-time = "2025-06-13T06:52:02.568Z" },
]

[[package]]
name = "packaging"
version = "25.0"
source = { registry = "https://pypi.org/simple" }
sdist = { url = "https://files.pythonhosted.org/packages/a1/d4/1fc4078c65507b51b96ca8f8c3ba19e6a61c8253c72794544580a7b6c24d/packaging-25.0.tar.gz", hash = "sha256:d443872c98d677bf60f6a1f2f8c1cb748e8fe762d2bf9d3148b5599295b0fc4f", size = 165727, upload-time = "2025-04-19T11:48:59.673Z" }
wheels = [
    { url = "https://files.pythonhosted.org/packages/20/12/38679034af332785aac8774540895e234f4d07f7545804097de4b666afd8/packaging-25.0-py3-none-any.whl", hash = "sha256:29572ef2b1f17581046b3a2227d5c611fb25ec70ca1ba8554b24b0e69331a484", size = 66469, upload-time = "2025-04-19T11:48:57.875Z" },
]

[[package]]
name = "pefile"
version = "2023.2.7"
source = { registry = "https://pypi.org/simple" }
sdist = { url = "https://files.pythonhosted.org/packages/78/c5/3b3c62223f72e2360737fd2a57c30e5b2adecd85e70276879609a7403334/pefile-2023.2.7.tar.gz", hash = "sha256:82e6114004b3d6911c77c3953e3838654b04511b8b66e8583db70c65998017dc", size = 74854, upload-time = "2023-02-07T12:23:55.958Z" }
wheels = [
    { url = "https://files.pythonhosted.org/packages/55/26/d0ad8b448476d0a1e8d3ea5622dc77b916db84c6aa3cb1e1c0965af948fc/pefile-2023.2.7-py3-none-any.whl", hash = "sha256:da185cd2af68c08a6cd4481f7325ed600a88f6a813bad9dea07ab3ef73d8d8d6", size = 71791, upload-time = "2023-02-07T12:28:36.678Z" },
]

[[package]]
name = "pyinstaller"
version = "6.15.0"
source = { registry = "https://pypi.org/simple" }
dependencies = [
    { name = "altgraph" },
    { name = "macholib", marker = "sys_platform == 'darwin'" },
    { name = "packaging" },
    { name = "pefile", marker = "sys_platform == 'win32'" },
    { name = "pyinstaller-hooks-contrib" },
    { name = "pywin32-ctypes", marker = "sys_platform == 'win32'" },
    { name = "setuptools" },
]
sdist = { url = "https://files.pythonhosted.org/packages/64/17/b2bb4de22650adbeef401fa82a1b43028976547a8728602e4d29735b455e/pyinstaller-6.15.0.tar.gz", hash = "sha256:a48fc4644ee4aa2aa2a35e7b51f496f8fbd7eecf6a2150646bbf1613ad07bc2d", size = 4331521, upload-time = "2025-08-03T18:33:35.709Z" }
wheels = [
    { url = "https://files.pythonhosted.org/packages/24/dd/d5c8a127446adda954f68ea7fac22772f7ab8656ad4b06df396d82574ca9/pyinstaller-6.15.0-py3-none-macosx_10_13_universal2.whl", hash = "sha256:9f00c71c40148cd1e61695b2c6f1e086693d3bcf9bfa22ab513aa4254c3b966f", size = 1016981, upload-time = "2025-08-03T18:31:52.034Z" },
    { url = "https://files.pythonhosted.org/packages/2d/2a/7b50593b419db43e48d9bdeebaac0ff92a5fe035f3c30f87ca3e1650d7e2/pyinstaller-6.15.0-py3-none-manylinux2014_aarch64.whl", hash = "sha256:cbcc8eb77320c60722030ac875883b564e00768fe3ff1721c7ba3ad0e0a277e9", size = 726337, upload-time = "2025-08-03T18:31:57.592Z" },
    { url = "https://files.pythonhosted.org/packages/77/83/7f498fba0154c57eb5fc93eb9680a2dbadb9f780a3389fb85b8d79683378/pyinstaller-6.15.0-py3-none-manylinux2014_i686.whl", hash = "sha256:c33e6302bc53db2df1104ed5566bd980b3e0ee7f18416a6e3caa908c12a54542", size = 737539, upload-time = "2025-08-03T18:32:02.221Z" },
    { url = "https://files.pythonhosted.org/packages/09/d6/e4477feab7c8379fb49e7ec95c82d0a69ad88f6ccc247f76bef3cb0e3432/pyinstaller-6.15.0-py3-none-manylinux2014_ppc64le.whl", hash = "sha256:eb902d0fed3bb1f8b7190dc4df5c11f3b59505767e0d56d1ed782b853938bbf3", size = 735426, upload-time = "2025-08-03T18:32:06.485Z" },
    { url = "https://files.pythonhosted.org/packages/32/7e/ff25648276f15e2e77fc563d36d8cfcd917e077bf2a172420df3588601b4/pyinstaller-6.15.0-py3-none-manylinux2014_s390x.whl", hash = "sha256:b4df862adae7cf1f08eff53c43ace283822447f7f528f72e4f94749062712f15", size = 732210, upload-time = "2025-08-03T18:32:21.667Z" },
    { url = "https://files.pythonhosted.org/packages/db/3d/267a7dddd0647de95d260780050ccd8228ab29d2b9edea54ed1f56800967/pyinstaller-6.15.0-py3-none-manylinux2014_x86_64.whl", hash = "sha256:b9ebf16ed0f99016ae8ae5746dee4cb244848a12941539e62ce2eea1df5a3f95", size = 732194, upload-time = "2025-08-03T18:32:29.536Z" },
    { url = "https://files.pythonhosted.org/packages/4d/61/962b2eb79ef225233e2d6e04600e998935328011dfb2fa775b1dd16b943a/pyinstaller-6.15.0-py3-none-musllinux_1_1_aarch64.whl", hash = "sha256:22193489e6a22435417103f61e7950363bba600ef36ec3ab1487303668c81092", size = 731256, upload-time = "2025-08-03T18:32:36.069Z" },
    { url = "https://files.pythonhosted.org/packages/67/5e/4e20e1c0e5791b09b69bef3ac921fd0cd25551b56879324ad999b92fa045/pyinstaller-6.15.0-py3-none-musllinux_1_1_x86_64.whl", hash = "sha256:18f743069849dbaee3e10900385f35795a5743eabab55e99dcc42f204e40a0db", size = 731148, upload-time = "2025-08-03T18:32:41.269Z" },
    { url = "https://files.pythonhosted.org/packages/88/31/28956c534991f289e2f981c715730b6241e75dc6295737a8cbd050a0cc8c/pyinstaller-6.15.0-py3-none-win32.whl", hash = "sha256:60da8f1b5071766b45c0f607d8bc3d7e59ba2c3b262d08f2e4066ba65f3544a2", size = 1312297, upload-time = "2025-08-03T18:32:50.572Z" },
    { url = "https://files.pythonhosted.org/packages/09/ab/6a45186c7f8e34c422faecd72580116a67d068158c57faa2d2f6d01faa7f/pyinstaller-6.15.0-py3-none-win_amd64.whl", hash = "sha256:cbea297e16eeda30b41c300d6ec2fd2abea4dbd8d8a32650eeec36431c94fcd9", size = 1373091, upload-time = "2025-08-03T18:32:58.133Z" },
    { url = "https://files.pythonhosted.org/packages/5b/86/72159af032b9db36f2470a3b085f79277ec1c38e7e48f8c5dc1ed16dc4e1/pyinstaller-6.15.0-py3-none-win_arm64.whl", hash = "sha256:f43c035621742cf2d19b84308c60e4e44e72c94786d176b8f6adcde351b5bd98", size = 1314305, upload-time = "2025-08-03T18:33:05.557Z" },
]

[[package]]
name = "pyinstaller-hooks-contrib"
version = "2025.8"
source = { registry = "https://pypi.org/simple" }
dependencies = [
    { name = "packaging" },
    { name = "setuptools" },
]
sdist = { url = "https://files.pythonhosted.org/packages/71/d6/e5b378b7d4add8c879295c531309b0320e9c07a70458665d091760ffdc87/pyinstaller_hooks_contrib-2025.8.tar.gz", hash = "sha256:3402ad41dfe9b5110af134422e37fc5d421ba342c6cb980bd67cb30b7415641c", size = 164214, upload-time = "2025-07-27T16:37:31.943Z" }
wheels = [
    { url = "https://files.pythonhosted.org/packages/48/34/1d973d0dae849683e53fbcda84443ce016f315e6f4dc7605ede4f56a28c3/pyinstaller_hooks_contrib-2025.8-py3-none-any.whl", hash = "sha256:8d0b8cfa0cb689a619294ae200497374234bd4e3994b3ace2a4442274c899064", size = 442346, upload-time = "2025-07-27T16:37:30.268Z" },
]

[[package]]
name = "python-magic-bin"
version = "0.4.14"
source = { registry = "https://pypi.org/simple" }
wheels = [
    { url = "https://files.pythonhosted.org/packages/32/2c/bbe8ad26591745da2c4692ea571145fb027c8ee1a0540407aa327684c4ce/python_magic_bin-0.4.14-py2.py3-none-macosx_10_6_intel.whl", hash = "sha256:7b1743b3dbf16601d6eedf4e7c2c9a637901b0faaf24ad4df4d4527e7d8f66a4", size = 334318, upload-time = "2017-10-02T16:30:13.6Z" },
    { url = "https://files.pythonhosted.org/packages/5a/5d/10b9ac745d9fd2f7151a2ab901e6bb6983dbd70e87c71111f54859d1ca2e/python_magic_bin-0.4.14-py2.py3-none-win32.whl", hash = "sha256:34a788c03adde7608028203e2dbb208f1f62225ad91518787ae26d603ae68892", size = 397784, upload-time = "2017-10-02T16:30:15.806Z" },
    { url = "https://files.pythonhosted.org/packages/07/c2/094e3d62b906d952537196603a23aec4bcd7c6126bf80eb14e6f9f4be3a2/python_magic_bin-0.4.14-py2.py3-none-win_amd64.whl", hash = "sha256:90be6206ad31071a36065a2fc169c5afb5e0355cbe6030e87641c6c62edc2b69", size = 409299, upload-time = "2017-10-02T16:30:18.545Z" },
]

[[package]]
name = "pywin32-ctypes"
version = "0.2.3"
source = { registry = "https://pypi.org/simple" }
sdist = { url = "https://files.pythonhosted.org/packages/85/9f/01a1a99704853cb63f253eea009390c88e7131c67e66a0a02099a8c917cb/pywin32-ctypes-0.2.3.tar.gz", hash = "sha256:d162dc04946d704503b2edc4d55f3dba5c1d539ead017afa00142c38b9885755", size = 29471, upload-time = "2024-08-14T10:15:34.626Z" }
wheels = [
    { url = "https://files.pythonhosted.org/packages/de/3d/8161f7711c017e01ac9f008dfddd9410dff3674334c233bde66e7ba65bbf/pywin32_ctypes-0.2.3-py3-none-any.whl", hash = "sha256:8a1513379d709975552d202d942d9837758905c8d01eb82b8bcc30918929e7b8", size = 30756, upload-time = "2024-08-14T10:15:33.187Z" },
]

[[package]]
name = "regex"
version = "2025.7.34"
source = { registry = "https://pypi.org/simple" }
sdist = { url = "https://files.pythonhosted.org/packages/0b/de/e13fa6dc61d78b30ba47481f99933a3b49a57779d625c392d8036770a60d/regex-2025.7.34.tar.gz", hash = "sha256:9ead9765217afd04a86822dfcd4ed2747dfe426e887da413b15ff0ac2457e21a", size = 400714, upload-time = "2025-07-31T00:21:16.262Z" }
wheels = [
    { url = "https://files.pythonhosted.org/packages/0d/85/f497b91577169472f7c1dc262a5ecc65e39e146fc3a52c571e5daaae4b7d/regex-2025.7.34-cp311-cp311-macosx_10_9_universal2.whl", hash = "sha256:da304313761b8500b8e175eb2040c4394a875837d5635f6256d6fa0377ad32c8", size = 484594, upload-time = "2025-07-31T00:19:13.927Z" },
    { url = "https://files.pythonhosted.org/packages/1c/c5/ad2a5c11ce9e6257fcbfd6cd965d07502f6054aaa19d50a3d7fd991ec5d1/regex-2025.7.34-cp311-cp311-macosx_10_9_x86_64.whl", hash = "sha256:35e43ebf5b18cd751ea81455b19acfdec402e82fe0dc6143edfae4c5c4b3909a", size = 289294, upload-time = "2025-07-31T00:19:15.395Z" },
    { url = "https://files.pythonhosted.org/packages/8e/01/83ffd9641fcf5e018f9b51aa922c3e538ac9439424fda3df540b643ecf4f/regex-2025.7.34-cp311-cp311-macosx_11_0_arm64.whl", hash = "sha256:96bbae4c616726f4661fe7bcad5952e10d25d3c51ddc388189d8864fbc1b3c68", size = 285933, upload-time = "2025-07-31T00:19:16.704Z" },
    { url = "https://files.pythonhosted.org/packages/77/20/5edab2e5766f0259bc1da7381b07ce6eb4401b17b2254d02f492cd8a81a8/regex-2025.7.34-cp311-cp311-manylinux2014_aarch64.manylinux_2_17_aarch64.manylinux_2_28_aarch64.whl", hash = "sha256:9feab78a1ffa4f2b1e27b1bcdaad36f48c2fed4870264ce32f52a393db093c78", size = 792335, upload-time = "2025-07-31T00:19:18.561Z" },
    { url = "https://files.pythonhosted.org/packages/30/bd/744d3ed8777dce8487b2606b94925e207e7c5931d5870f47f5b643a4580a/regex-2025.7.34-cp311-cp311-manylinux2014_ppc64le.manylinux_2_17_ppc64le.manylinux_2_28_ppc64le.whl", hash = "sha256:f14b36e6d4d07f1a5060f28ef3b3561c5d95eb0651741474ce4c0a4c56ba8719", size = 858605, upload-time = "2025-07-31T00:19:20.204Z" },
    { url = "https://files.pythonhosted.org/packages/99/3d/93754176289718d7578c31d151047e7b8acc7a8c20e7706716f23c49e45e/regex-2025.7.34-cp311-cp311-manylinux2014_s390x.manylinux_2_17_s390x.manylinux_2_28_s390x.whl", hash = "sha256:85c3a958ef8b3d5079c763477e1f09e89d13ad22198a37e9d7b26b4b17438b33", size = 905780, upload-time = "2025-07-31T00:19:21.876Z" },
    { url = "https://files.pythonhosted.org/packages/ee/2e/c689f274a92deffa03999a430505ff2aeace408fd681a90eafa92fdd6930/regex-2025.7.34-cp311-cp311-manylinux2014_x86_64.manylinux_2_17_x86_64.manylinux_2_28_x86_64.whl", hash = "sha256:37555e4ae0b93358fa7c2d240a4291d4a4227cc7c607d8f85596cdb08ec0a083", size = 798868, upload-time = "2025-07-31T00:19:23.222Z" },
    { url = "https://files.pythonhosted.org/packages/0d/9e/39673688805d139b33b4a24851a71b9978d61915c4d72b5ffda324d0668a/regex-2025.7.34-cp311-cp311-musllinux_1_2_aarch64.whl", hash = "sha256:ee38926f31f1aa61b0232a3a11b83461f7807661c062df9eb88769d86e6195c3", size = 781784, upload-time = "2025-07-31T00:19:24.59Z" },
    { url = "https://files.pythonhosted.org/packages/18/bd/4c1cab12cfabe14beaa076523056b8ab0c882a8feaf0a6f48b0a75dab9ed/regex-2025.7.34-cp311-cp311-musllinux_1_2_ppc64le.whl", hash = "sha256:a664291c31cae9c4a30589bd8bc2ebb56ef880c9c6264cb7643633831e606a4d", size = 852837, upload-time = "2025-07-31T00:19:25.911Z" },
    { url = "https://files.pythonhosted.org/packages/cb/21/663d983cbb3bba537fc213a579abbd0f263fb28271c514123f3c547ab917/regex-2025.7.34-cp311-cp311-musllinux_1_2_s390x.whl", hash = "sha256:f3e5c1e0925e77ec46ddc736b756a6da50d4df4ee3f69536ffb2373460e2dafd", size = 844240, upload-time = "2025-07-31T00:19:27.688Z" },
    { url = "https://files.pythonhosted.org/packages/8e/2d/9beeeb913bc5d32faa913cf8c47e968da936af61ec20af5d269d0f84a100/regex-2025.7.34-cp311-cp311-musllinux_1_2_x86_64.whl", hash = "sha256:d428fc7731dcbb4e2ffe43aeb8f90775ad155e7db4347a639768bc6cd2df881a", size = 787139, upload-time = "2025-07-31T00:19:29.475Z" },
    { url = "https://files.pythonhosted.org/packages/eb/f5/9b9384415fdc533551be2ba805dd8c4621873e5df69c958f403bfd3b2b6e/regex-2025.7.34-cp311-cp311-win32.whl", hash = "sha256:e154a7ee7fa18333ad90b20e16ef84daaeac61877c8ef942ec8dfa50dc38b7a1", size = 264019, upload-time = "2025-07-31T00:19:31.129Z" },
    { url = "https://files.pythonhosted.org/packages/18/9d/e069ed94debcf4cc9626d652a48040b079ce34c7e4fb174f16874958d485/regex-2025.7.34-cp311-cp311-win_amd64.whl", hash = "sha256:24257953d5c1d6d3c129ab03414c07fc1a47833c9165d49b954190b2b7f21a1a", size = 276047, upload-time = "2025-07-31T00:19:32.497Z" },
    { url = "https://files.pythonhosted.org/packages/fd/cf/3bafbe9d1fd1db77355e7fbbbf0d0cfb34501a8b8e334deca14f94c7b315/regex-2025.7.34-cp311-cp311-win_arm64.whl", hash = "sha256:3157aa512b9e606586900888cd469a444f9b898ecb7f8931996cb715f77477f0", size = 268362, upload-time = "2025-07-31T00:19:34.094Z" },
]

[[package]]
name = "setuptools"
version = "80.9.0"
source = { registry = "https://pypi.org/simple" }
sdist = { url = "https://files.pythonhosted.org/packages/18/5d/3bf57dcd21979b887f014ea83c24ae194cfcd12b9e0fda66b957c69d1fca/setuptools-80.9.0.tar.gz", hash = "sha256:f36b47402ecde768dbfafc46e8e4207b4360c654f1f3bb84475f0a28628fb19c", size = 1319958, upload-time = "2025-05-27T00:56:51.443Z" }
wheels = [
    { url = "https://files.pythonhosted.org/packages/a3/dc/17031897dae0efacfea57dfd3a82fdd2a2aeb58e0ff71b77b87e44edc772/setuptools-80.9.0-py3-none-any.whl", hash = "sha256:062d34222ad13e0cc312a4c02d73f059e86a4acbfbdea8f8f76b28c99f306922", size = 1201486, upload-time = "2025-05-27T00:56:49.664Z" },
]

[[package]]
name = "tkinterdnd2"
version = "0.4.3"
source = { registry = "https://pypi.org/simple" }
sdist = { url = "https://files.pythonhosted.org/packages/6e/2a/9d50ee58c7a60bf0c8d4bd8030b4afc29c8bf60158f95dbc89e8081d29d2/tkinterdnd2-0.4.3.tar.gz", hash = "sha256:03a932a11b42ab139c4552b414aa10ee8a087b8386b52baca8c62939760c2ef2", size = 444595, upload-time = "2025-02-28T12:55:50.861Z" }
wheels = [
    { url = "https://files.pythonhosted.org/packages/08/c3/e04f004a53c00dc01126b6f998264cef672c6883c36aa4bd65845a8eb4c0/tkinterdnd2-0.4.3-py3-none-any.whl", hash = "sha256:8804f5d2e2a99713ec93e85384397fec6bf66fdf2065e3750938d55018971c4a", size = 493006, upload-time = "2025-02-28T12:55:47.501Z" },
]

[[package]]
name = "wcwidth"
version = "0.2.13"
source = { registry = "https://pypi.org/simple" }
sdist = { url = "https://files.pythonhosted.org/packages/6c/63/53559446a878410fc5a5974feb13d31d78d752eb18aeba59c7fef1af7598/wcwidth-0.2.13.tar.gz", hash = "sha256:72ea0c06399eb286d978fdedb6923a9eb47e1c486ce63e9b4e64fc18303972b5", size = 101301, upload-time = "2024-01-06T02:10:57.829Z" }
wheels = [
    { url = "https://files.pythonhosted.org/packages/fd/84/fd2ba7aafacbad3c4201d395674fc6348826569da3c0937e75505ead3528/wcwidth-0.2.13-py2.py3-none-any.whl", hash = "sha256:3da69048e4540d84af32131829ff948f1e022c1c6bdb8d6102117aac784f6859", size = 34166, upload-time = "2024-01-06T02:10:55.763Z" },
]

[[package]]
name = "wordfreq"
version = "3.1.1"
source = { registry = "https://pypi.org/simple" }
dependencies = [
    { name = "ftfy" },
    { name = "langcodes" },
    { name = "locate" },
    { name = "msgpack" },
    { name = "regex" },
]
sdist = { url = "https://files.pythonhosted.org/packages/4c/cd/9581ff0ea2c581012d0caae4bba024f3ff6b46e030a55ddec1ce545e2caf/wordfreq-3.1.1.tar.gz", hash = "sha256:7943098975f25c2a70e1151ee5a62083b14a5f86f6cc5703cc9526f716ceb408", size = 56846562, upload-time = "2023-11-21T23:09:12.106Z" }
wheels = [
    { url = "https://files.pythonhosted.org/packages/24/61/62835c475d69872d30689f284497853fe33fe1d6dd18f57346d13305861d/wordfreq-3.1.1-py3-none-any.whl", hash = "sha256:4b1c6ecffc6198be3396d5cf871c4423ca71c907c231348d352dd54d62b97473", size = 56834549, upload-time = "2023-11-21T23:09:07.183Z" },
]

[package.optional-dependencies]
cjk = [
    { name = "ipadic" },
    { name = "jieba" },
    { name = "mecab-ko-dic" },
    { name = "mecab-python3" },
]
